// !$*UTF8*$!
{
	archiveVersion = 1;
	classes = {
	};
	objectVersion = 55;
	objects = {

/* Begin PBXBuildFile section */
		3FA45E5727E42B7300CCADE8 /* AppDelegate.swift in Sources */ = {isa = PBXBuildFile; fileRef = 3FA45E5627E42B7300CCADE8 /* AppDelegate.swift */; };
		3FA45E5927E42B7300CCADE8 /* SceneDelegate.swift in Sources */ = {isa = PBXBuildFile; fileRef = 3FA45E5827E42B7300CCADE8 /* SceneDelegate.swift */; };
		3FA45E5E27E42B7300CCADE8 /* Main.storyboard in Resources */ = {isa = PBXBuildFile; fileRef = 3FA45E5C27E42B7300CCADE8 /* Main.storyboard */; };
		3FA45E6027E42B7800CCADE8 /* Assets.xcassets in Resources */ = {isa = PBXBuildFile; fileRef = 3FA45E5F27E42B7800CCADE8 /* Assets.xcassets */; };
		3FA45E6327E42B7800CCADE8 /* LaunchScreen.storyboard in Resources */ = {isa = PBXBuildFile; fileRef = 3FA45E6127E42B7800CCADE8 /* LaunchScreen.storyboard */; };
		3FA45E6B27E4358D00CCADE8 /* LoginViewController.swift in Sources */ = {isa = PBXBuildFile; fileRef = 3FA45E6A27E4358D00CCADE8 /* LoginViewController.swift */; };
		3FA45E6D27E435A100CCADE8 /* SignupViewController.swift in Sources */ = {isa = PBXBuildFile; fileRef = 3FA45E6C27E435A100CCADE8 /* SignupViewController.swift */; };
		3FA45E6F27E439AC00CCADE8 /* emailOrPhoneViewController.swift in Sources */ = {isa = PBXBuildFile; fileRef = 3FA45E6E27E439AB00CCADE8 /* emailOrPhoneViewController.swift */; };
		3FA45E7127E439D700CCADE8 /* otpViewController.swift in Sources */ = {isa = PBXBuildFile; fileRef = 3FA45E7027E439D700CCADE8 /* otpViewController.swift */; };
		3FA45E7327E439E900CCADE8 /* successfulViewController.swift in Sources */ = {isa = PBXBuildFile; fileRef = 3FA45E7227E439E900CCADE8 /* successfulViewController.swift */; };
		3FA45E7527E4505E00CCADE8 /* forgotEmnPassViewController.swift in Sources */ = {isa = PBXBuildFile; fileRef = 3FA45E7427E4505E00CCADE8 /* forgotEmnPassViewController.swift */; };
		3FA45E7727E4528600CCADE8 /* forgotEmailViewController.swift in Sources */ = {isa = PBXBuildFile; fileRef = 3FA45E7627E4528600CCADE8 /* forgotEmailViewController.swift */; };
		3FA45E7927E4529A00CCADE8 /* forgotPasswordViewController.swift in Sources */ = {isa = PBXBuildFile; fileRef = 3FA45E7827E4529A00CCADE8 /* forgotPasswordViewController.swift */; };
		3FA45E7B27E454F800CCADE8 /* selectEmaOrPhoneForgotViewController.swift in Sources */ = {isa = PBXBuildFile; fileRef = 3FA45E7A27E454F800CCADE8 /* selectEmaOrPhoneForgotViewController.swift */; };
		3FA45E7D27E4C58500CCADE8 /* HomeViewController.swift in Sources */ = {isa = PBXBuildFile; fileRef = 3FA45E7C27E4C58500CCADE8 /* HomeViewController.swift */; };
		3FA45E7F27EB570400CCADE8 /* SideMenuViewController.swift in Sources */ = {isa = PBXBuildFile; fileRef = 3FA45E7E27EB570400CCADE8 /* SideMenuViewController.swift */; };
		3FA45EA327EE214000CCADE8 /* PersonalInfoViewController.swift in Sources */ = {isa = PBXBuildFile; fileRef = 3FA45EA227EE214000CCADE8 /* PersonalInfoViewController.swift */; };
		3FA45EA527EE257E00CCADE8 /* ChangePasswordViewController.swift in Sources */ = {isa = PBXBuildFile; fileRef = 3FA45EA427EE257E00CCADE8 /* ChangePasswordViewController.swift */; };
		3FA45EA727EE27CB00CCADE8 /* CovidTestReportViewController.swift in Sources */ = {isa = PBXBuildFile; fileRef = 3FA45EA627EE27CB00CCADE8 /* CovidTestReportViewController.swift */; };
		3FA45EA927F1EA4300CCADE8 /* CovidVaccinationViewController.swift in Sources */ = {isa = PBXBuildFile; fileRef = 3FA45EA827F1EA4300CCADE8 /* CovidVaccinationViewController.swift */; };
/* End PBXBuildFile section */

/* Begin PBXFileReference section */
		3FA45E5327E42B7300CCADE8 /* SignupAndLogin.app */ = {isa = PBXFileReference; explicitFileType = wrapper.application; includeInIndex = 0; path = SignupAndLogin.app; sourceTree = BUILT_PRODUCTS_DIR; };
		3FA45E5627E42B7300CCADE8 /* AppDelegate.swift */ = {isa = PBXFileReference; lastKnownFileType = sourcecode.swift; path = AppDelegate.swift; sourceTree = "<group>"; };
		3FA45E5827E42B7300CCADE8 /* SceneDelegate.swift */ = {isa = PBXFileReference; lastKnownFileType = sourcecode.swift; path = SceneDelegate.swift; sourceTree = "<group>"; };
		3FA45E5D27E42B7300CCADE8 /* Base */ = {isa = PBXFileReference; lastKnownFileType = file.storyboard; name = Base; path = Base.lproj/Main.storyboard; sourceTree = "<group>"; };
		3FA45E5F27E42B7800CCADE8 /* Assets.xcassets */ = {isa = PBXFileReference; lastKnownFileType = folder.assetcatalog; path = Assets.xcassets; sourceTree = "<group>"; };
		3FA45E6227E42B7800CCADE8 /* Base */ = {isa = PBXFileReference; lastKnownFileType = file.storyboard; name = Base; path = Base.lproj/LaunchScreen.storyboard; sourceTree = "<group>"; };
		3FA45E6427E42B7800CCADE8 /* Info.plist */ = {isa = PBXFileReference; lastKnownFileType = text.plist.xml; path = Info.plist; sourceTree = "<group>"; };
		3FA45E6A27E4358D00CCADE8 /* LoginViewController.swift */ = {isa = PBXFileReference; lastKnownFileType = sourcecode.swift; path = LoginViewController.swift; sourceTree = "<group>"; };
		3FA45E6C27E435A100CCADE8 /* SignupViewController.swift */ = {isa = PBXFileReference; lastKnownFileType = sourcecode.swift; path = SignupViewController.swift; sourceTree = "<group>"; };
		3FA45E6E27E439AB00CCADE8 /* emailOrPhoneViewController.swift */ = {isa = PBXFileReference; lastKnownFileType = sourcecode.swift; path = emailOrPhoneViewController.swift; sourceTree = "<group>"; };
		3FA45E7027E439D700CCADE8 /* otpViewController.swift */ = {isa = PBXFileReference; lastKnownFileType = sourcecode.swift; path = otpViewController.swift; sourceTree = "<group>"; };
		3FA45E7227E439E900CCADE8 /* successfulViewController.swift */ = {isa = PBXFileReference; lastKnownFileType = sourcecode.swift; path = successfulViewController.swift; sourceTree = "<group>"; };
		3FA45E7427E4505E00CCADE8 /* forgotEmnPassViewController.swift */ = {isa = PBXFileReference; lastKnownFileType = sourcecode.swift; path = forgotEmnPassViewController.swift; sourceTree = "<group>"; };
		3FA45E7627E4528600CCADE8 /* forgotEmailViewController.swift */ = {isa = PBXFileReference; lastKnownFileType = sourcecode.swift; path = forgotEmailViewController.swift; sourceTree = "<group>"; };
		3FA45E7827E4529A00CCADE8 /* forgotPasswordViewController.swift */ = {isa = PBXFileReference; lastKnownFileType = sourcecode.swift; path = forgotPasswordViewController.swift; sourceTree = "<group>"; };
		3FA45E7A27E454F800CCADE8 /* selectEmaOrPhoneForgotViewController.swift */ = {isa = PBXFileReference; lastKnownFileType = sourcecode.swift; path = selectEmaOrPhoneForgotViewController.swift; sourceTree = "<group>"; };
		3FA45E7C27E4C58500CCADE8 /* HomeViewController.swift */ = {isa = PBXFileReference; lastKnownFileType = sourcecode.swift; path = HomeViewController.swift; sourceTree = "<group>"; };
		3FA45E7E27EB570400CCADE8 /* SideMenuViewController.swift */ = {isa = PBXFileReference; lastKnownFileType = sourcecode.swift; path = SideMenuViewController.swift; sourceTree = "<group>"; };
		3FA45EA227EE214000CCADE8 /* PersonalInfoViewController.swift */ = {isa = PBXFileReference; lastKnownFileType = sourcecode.swift; path = PersonalInfoViewController.swift; sourceTree = "<group>"; };
		3FA45EA427EE257E00CCADE8 /* ChangePasswordViewController.swift */ = {isa = PBXFileReference; lastKnownFileType = sourcecode.swift; path = ChangePasswordViewController.swift; sourceTree = "<group>"; };
		3FA45EA627EE27CB00CCADE8 /* CovidTestReportViewController.swift */ = {isa = PBXFileReference; lastKnownFileType = sourcecode.swift; path = CovidTestReportViewController.swift; sourceTree = "<group>"; };
		3FA45EA827F1EA4300CCADE8 /* CovidVaccinationViewController.swift */ = {isa = PBXFileReference; lastKnownFileType = sourcecode.swift; path = CovidVaccinationViewController.swift; sourceTree = "<group>"; };
/* End PBXFileReference section */

/* Begin PBXFrameworksBuildPhase section */
		3FA45E5027E42B7300CCADE8 /* Frameworks */ = {
			isa = PBXFrameworksBuildPhase;
			buildActionMask = 2147483647;
			files = (
			);
			runOnlyForDeploymentPostprocessing = 0;
		};
/* End PBXFrameworksBuildPhase section */

/* Begin PBXGroup section */
		3FA45E4A27E42B7300CCADE8 = {
			isa = PBXGroup;
			children = (
				3FA45E5527E42B7300CCADE8 /* SignupAndLogin */,
				3FA45E5427E42B7300CCADE8 /* Products */,
			);
			sourceTree = "<group>";
		};
		3FA45E5427E42B7300CCADE8 /* Products */ = {
			isa = PBXGroup;
			children = (
				3FA45E5327E42B7300CCADE8 /* SignupAndLogin.app */,
			);
			name = Products;
			sourceTree = "<group>";
		};
		3FA45E5527E42B7300CCADE8 /* SignupAndLogin */ = {
			isa = PBXGroup;
			children = (
				3FA45E5627E42B7300CCADE8 /* AppDelegate.swift */,
				3FA45E5827E42B7300CCADE8 /* SceneDelegate.swift */,
				3FA45E5C27E42B7300CCADE8 /* Main.storyboard */,
				3FA45EA827F1EA4300CCADE8 /* CovidVaccinationViewController.swift */,
				3FA45EA627EE27CB00CCADE8 /* CovidTestReportViewController.swift */,
				3FA45EA427EE257E00CCADE8 /* ChangePasswordViewController.swift */,
				3FA45EA227EE214000CCADE8 /* PersonalInfoViewController.swift */,
				3FA45E7E27EB570400CCADE8 /* SideMenuViewController.swift */,
				3FA45E7C27E4C58500CCADE8 /* HomeViewController.swift */,
				3FA45E7A27E454F800CCADE8 /* selectEmaOrPhoneForgotViewController.swift */,
				3FA45E7627E4528600CCADE8 /* forgotEmailViewController.swift */,
				3FA45E7827E4529A00CCADE8 /* forgotPasswordViewController.swift */,
				3FA45E7427E4505E00CCADE8 /* forgotEmnPassViewController.swift */,
				3FA45E6E27E439AB00CCADE8 /* emailOrPhoneViewController.swift */,
				3FA45E7027E439D700CCADE8 /* otpViewController.swift */,
				3FA45E7227E439E900CCADE8 /* successfulViewController.swift */,
				3FA45E6A27E4358D00CCADE8 /* LoginViewController.swift */,
				3FA45E6C27E435A100CCADE8 /* SignupViewController.swift */,
				3FA45E5F27E42B7800CCADE8 /* Assets.xcassets */,
				3FA45E6127E42B7800CCADE8 /* LaunchScreen.storyboard */,
				3FA45E6427E42B7800CCADE8 /* Info.plist */,
			);
			path = SignupAndLogin;
			sourceTree = "<group>";
		};
/* End PBXGroup section */

/* Begin PBXNativeTarget section */
		3FA45E5227E42B7300CCADE8 /* SignupAndLogin */ = {
			isa = PBXNativeTarget;
			buildConfigurationList = 3FA45E6727E42B7800CCADE8 /* Build configuration list for PBXNativeTarget "SignupAndLogin" */;
			buildPhases = (
				3FA45E4F27E42B7300CCADE8 /* Sources */,
				3FA45E5027E42B7300CCADE8 /* Frameworks */,
				3FA45E5127E42B7300CCADE8 /* Resources */,
			);
			buildRules = (
			);
			dependencies = (
			);
			name = SignupAndLogin;
			productName = SignupAndLogin;
			productReference = 3FA45E5327E42B7300CCADE8 /* SignupAndLogin.app */;
			productType = "com.apple.product-type.application";
		};
/* End PBXNativeTarget section */

/* Begin PBXProject section */
		3FA45E4B27E42B7300CCADE8 /* Project object */ = {
			isa = PBXProject;
			attributes = {
				BuildIndependentTargetsInParallel = 1;
				LastSwiftUpdateCheck = 1320;
				LastUpgradeCheck = 1320;
				TargetAttributes = {
					3FA45E5227E42B7300CCADE8 = {
						CreatedOnToolsVersion = 13.2.1;
					};
				};
			};
			buildConfigurationList = 3FA45E4E27E42B7300CCADE8 /* Build configuration list for PBXProject "SignupAndLogin" */;
			compatibilityVersion = "Xcode 13.0";
			developmentRegion = en;
			hasScannedForEncodings = 0;
			knownRegions = (
				en,
				Base,
			);
			mainGroup = 3FA45E4A27E42B7300CCADE8;
			productRefGroup = 3FA45E5427E42B7300CCADE8 /* Products */;
			projectDirPath = "";
			projectRoot = "";
			targets = (
				3FA45E5227E42B7300CCADE8 /* SignupAndLogin */,
			);
		};
/* End PBXProject section */

/* Begin PBXResourcesBuildPhase section */
		3FA45E5127E42B7300CCADE8 /* Resources */ = {
			isa = PBXResourcesBuildPhase;
			buildActionMask = 2147483647;
			files = (
				3FA45E6327E42B7800CCADE8 /* LaunchScreen.storyboard in Resources */,
				3FA45E6027E42B7800CCADE8 /* Assets.xcassets in Resources */,
				3FA45E5E27E42B7300CCADE8 /* Main.storyboard in Resources */,
			);
			runOnlyForDeploymentPostprocessing = 0;
		};
/* End PBXResourcesBuildPhase section */

/* Begin PBXSourcesBuildPhase section */
		3FA45E4F27E42B7300CCADE8 /* Sources */ = {
			isa = PBXSourcesBuildPhase;
			buildActionMask = 2147483647;
			files = (
				3FA45E6F27E439AC00CCADE8 /* emailOrPhoneViewController.swift in Sources */,
				3FA45E7527E4505E00CCADE8 /* forgotEmnPassViewController.swift in Sources */,
				3FA45E6B27E4358D00CCADE8 /* LoginViewController.swift in Sources */,
				3FA45EA527EE257E00CCADE8 /* ChangePasswordViewController.swift in Sources */,
				3FA45E7F27EB570400CCADE8 /* SideMenuViewController.swift in Sources */,
				3FA45EA327EE214000CCADE8 /* PersonalInfoViewController.swift in Sources */,
				3FA45E6D27E435A100CCADE8 /* SignupViewController.swift in Sources */,
				3FA45E7327E439E900CCADE8 /* successfulViewController.swift in Sources */,
				3FA45EA927F1EA4300CCADE8 /* CovidVaccinationViewController.swift in Sources */,
				3FA45E5727E42B7300CCADE8 /* AppDelegate.swift in Sources */,
				3FA45E7127E439D700CCADE8 /* otpViewController.swift in Sources */,
				3FA45E7727E4528600CCADE8 /* forgotEmailViewController.swift in Sources */,
				3FA45E7927E4529A00CCADE8 /* forgotPasswordViewController.swift in Sources */,
				3FA45E5927E42B7300CCADE8 /* SceneDelegate.swift in Sources */,
				3FA45E7B27E454F800CCADE8 /* selectEmaOrPhoneForgotViewController.swift in Sources */,
				3FA45EA727EE27CB00CCADE8 /* CovidTestReportViewController.swift in Sources */,
				3FA45E7D27E4C58500CCADE8 /* HomeViewController.swift in Sources */,
			);
			runOnlyForDeploymentPostprocessing = 0;
		};
/* End PBXSourcesBuildPhase section */

/* Begin PBXVariantGroup section */
		3FA45E5C27E42B7300CCADE8 /* Main.storyboard */ = {
			isa = PBXVariantGroup;
			children = (
				3FA45E5D27E42B7300CCADE8 /* Base */,
			);
			name = Main.storyboard;
			sourceTree = "<group>";
		};
		3FA45E6127E42B7800CCADE8 /* LaunchScreen.storyboard */ = {
			isa = PBXVariantGroup;
			children = (
				3FA45E6227E42B7800CCADE8 /* Base */,
			);
			name = LaunchScreen.storyboard;
			sourceTree = "<group>";
		};
/* End PBXVariantGroup section */

/* Begin XCBuildConfiguration section */
		3FA45E6527E42B7800CCADE8 /* Debug */ = {
			isa = XCBuildConfiguration;
			buildSettings = {
				ALWAYS_SEARCH_USER_PATHS = NO;
				CLANG_ANALYZER_NONNULL = YES;
				CLANG_ANALYZER_NUMBER_OBJECT_CONVERSION = YES_AGGRESSIVE;
				CLANG_CXX_LANGUAGE_STANDARD = "gnu++17";
				CLANG_CXX_LIBRARY = "libc++";
				CLANG_ENABLE_MODULES = YES;
				CLANG_ENABLE_OBJC_ARC = YES;
				CLANG_ENABLE_OBJC_WEAK = YES;
				CLANG_WARN_BLOCK_CAPTURE_AUTORELEASING = YES;
				CLANG_WARN_BOOL_CONVERSION = YES;
				CLANG_WARN_COMMA = YES;
				CLANG_WARN_CONSTANT_CONVERSION = YES;
				CLANG_WARN_DEPRECATED_OBJC_IMPLEMENTATIONS = YES;
				CLANG_WARN_DIRECT_OBJC_ISA_USAGE = YES_ERROR;
				CLANG_WARN_DOCUMENTATION_COMMENTS = YES;
				CLANG_WARN_EMPTY_BODY = YES;
				CLANG_WARN_ENUM_CONVERSION = YES;
				CLANG_WARN_INFINITE_RECURSION = YES;
				CLANG_WARN_INT_CONVERSION = YES;
				CLANG_WARN_NON_LITERAL_NULL_CONVERSION = YES;
				CLANG_WARN_OBJC_IMPLICIT_RETAIN_SELF = YES;
				CLANG_WARN_OBJC_LITERAL_CONVERSION = YES;
				CLANG_WARN_OBJC_ROOT_CLASS = YES_ERROR;
				CLANG_WARN_QUOTED_INCLUDE_IN_FRAMEWORK_HEADER = YES;
				CLANG_WARN_RANGE_LOOP_ANALYSIS = YES;
				CLANG_WARN_STRICT_PROTOTYPES = YES;
				CLANG_WARN_SUSPICIOUS_MOVE = YES;
				CLANG_WARN_UNGUARDED_AVAILABILITY = YES_AGGRESSIVE;
				CLANG_WARN_UNREACHABLE_CODE = YES;
				CLANG_WARN__DUPLICATE_METHOD_MATCH = YES;
				COPY_PHASE_STRIP = NO;
				DEBUG_INFORMATION_FORMAT = dwarf;
				ENABLE_STRICT_OBJC_MSGSEND = YES;
				ENABLE_TESTABILITY = YES;
				GCC_C_LANGUAGE_STANDARD = gnu11;
				GCC_DYNAMIC_NO_PIC = NO;
				GCC_NO_COMMON_BLOCKS = YES;
				GCC_OPTIMIZATION_LEVEL = 0;
				GCC_PREPROCESSOR_DEFINITIONS = (
					"DEBUG=1",
					"$(inherited)",
				);
				GCC_WARN_64_TO_32_BIT_CONVERSION = YES;
				GCC_WARN_ABOUT_RETURN_TYPE = YES_ERROR;
				GCC_WARN_UNDECLARED_SELECTOR = YES;
				GCC_WARN_UNINITIALIZED_AUTOS = YES_AGGRESSIVE;
				GCC_WARN_UNUSED_FUNCTION = YES;
				GCC_WARN_UNUSED_VARIABLE = YES;
				IPHONEOS_DEPLOYMENT_TARGET = 15.2;
				MTL_ENABLE_DEBUG_INFO = INCLUDE_SOURCE;
				MTL_FAST_MATH = YES;
				ONLY_ACTIVE_ARCH = YES;
				SDKROOT = iphoneos;
				SWIFT_ACTIVE_COMPILATION_CONDITIONS = DEBUG;
				SWIFT_OPTIMIZATION_LEVEL = "-Onone";
			};
			name = Debug;
		};
		3FA45E6627E42B7800CCADE8 /* Release */ = {
			isa = XCBuildConfiguration;
			buildSettings = {
				ALWAYS_SEARCH_USER_PATHS = NO;
				CLANG_ANALYZER_NONNULL = YES;
				CLANG_ANALYZER_NUMBER_OBJECT_CONVERSION = YES_AGGRESSIVE;
				CLANG_CXX_LANGUAGE_STANDARD = "gnu++17";
				CLANG_CXX_LIBRARY = "libc++";
				CLANG_ENABLE_MODULES = YES;
				CLANG_ENABLE_OBJC_ARC = YES;
				CLANG_ENABLE_OBJC_WEAK = YES;
				CLANG_WARN_BLOCK_CAPTURE_AUTORELEASING = YES;
				CLANG_WARN_BOOL_CONVERSION = YES;
				CLANG_WARN_COMMA = YES;
				CLANG_WARN_CONSTANT_CONVERSION = YES;
				CLANG_WARN_DEPRECATED_OBJC_IMPLEMENTATIONS = YES;
				CLANG_WARN_DIRECT_OBJC_ISA_USAGE = YES_ERROR;
				CLANG_WARN_DOCUMENTATION_COMMENTS = YES;
				CLANG_WARN_EMPTY_BODY = YES;
				CLANG_WARN_ENUM_CONVERSION = YES;
				CLANG_WARN_INFINITE_RECURSION = YES;
				CLANG_WARN_INT_CONVERSION = YES;
				CLANG_WARN_NON_LITERAL_NULL_CONVERSION = YES;
				CLANG_WARN_OBJC_IMPLICIT_RETAIN_SELF = YES;
				CLANG_WARN_OBJC_LITERAL_CONVERSION = YES;
				CLANG_WARN_OBJC_ROOT_CLASS = YES_ERROR;
				CLANG_WARN_QUOTED_INCLUDE_IN_FRAMEWORK_HEADER = YES;
				CLANG_WARN_RANGE_LOOP_ANALYSIS = YES;
				CLANG_WARN_STRICT_PROTOTYPES = YES;
				CLANG_WARN_SUSPICIOUS_MOVE = YES;
				CLANG_WARN_UNGUARDED_AVAILABILITY = YES_AGGRESSIVE;
				CLANG_WARN_UNREACHABLE_CODE = YES;
				CLANG_WARN__DUPLICATE_METHOD_MATCH = YES;
				COPY_PHASE_STRIP = NO;
				DEBUG_INFORMATION_FORMAT = "dwarf-with-dsym";
				ENABLE_NS_ASSERTIONS = NO;
				ENABLE_STRICT_OBJC_MSGSEND = YES;
				GCC_C_LANGUAGE_STANDARD = gnu11;
				GCC_NO_COMMON_BLOCKS = YES;
				GCC_WARN_64_TO_32_BIT_CONVERSION = YES;
				GCC_WARN_ABOUT_RETURN_TYPE = YES_ERROR;
				GCC_WARN_UNDECLARED_SELECTOR = YES;
				GCC_WARN_UNINITIALIZED_AUTOS = YES_AGGRESSIVE;
				GCC_WARN_UNUSED_FUNCTION = YES;
				GCC_WARN_UNUSED_VARIABLE = YES;
				IPHONEOS_DEPLOYMENT_TARGET = 15.2;
				MTL_ENABLE_DEBUG_INFO = NO;
				MTL_FAST_MATH = YES;
				SDKROOT = iphoneos;
				SWIFT_COMPILATION_MODE = wholemodule;
				SWIFT_OPTIMIZATION_LEVEL = "-O";
				VALIDATE_PRODUCT = YES;
			};
			name = Release;
		};
		3FA45E6827E42B7800CCADE8 /* Debug */ = {
			isa = XCBuildConfiguration;
			buildSettings = {
				ASSETCATALOG_COMPILER_APPICON_NAME = AppIcon;
				ASSETCATALOG_COMPILER_GLOBAL_ACCENT_COLOR_NAME = AccentColor;
				CODE_SIGN_STYLE = Automatic;
				CURRENT_PROJECT_VERSION = 1;
				GENERATE_INFOPLIST_FILE = YES;
				INFOPLIST_FILE = SignupAndLogin/Info.plist;
				INFOPLIST_KEY_CFBundleDisplayName = SignupAndLogin;
				INFOPLIST_KEY_UIApplicationSupportsIndirectInputEvents = YES;
				INFOPLIST_KEY_UILaunchStoryboardName = LaunchScreen;
				INFOPLIST_KEY_UIMainStoryboardFile = Main;
				INFOPLIST_KEY_UISupportedInterfaceOrientations_iPad = "UIInterfaceOrientationPortrait UIInterfaceOrientationPortraitUpsideDown UIInterfaceOrientationLandscapeLeft UIInterfaceOrientationLandscapeRight";
				INFOPLIST_KEY_UISupportedInterfaceOrientations_iPhone = "UIInterfaceOrientationPortrait UIInterfaceOrientationLandscapeLeft UIInterfaceOrientationLandscapeRight";
				LD_RUNPATH_SEARCH_PATHS = (
					"$(inherited)",
					"@executable_path/Frameworks",
				);
				MARKETING_VERSION = 1.0;
				PRODUCT_BUNDLE_IDENTIFIER = nwmsu.SignupAndLogin;
				PRODUCT_NAME = "$(TARGET_NAME)";
				SWIFT_EMIT_LOC_STRINGS = YES;
				SWIFT_VERSION = 5.0;
				TARGETED_DEVICE_FAMILY = "1,2";
			};
			name = Debug;
		};
		3FA45E6927E42B7800CCADE8 /* Release */ = {
			isa = XCBuildConfiguration;
			buildSettings = {
				ASSETCATALOG_COMPILER_APPICON_NAME = AppIcon;
				ASSETCATALOG_COMPILER_GLOBAL_ACCENT_COLOR_NAME = AccentColor;
				CODE_SIGN_STYLE = Automatic;
				CURRENT_PROJECT_VERSION = 1;
				GENERATE_INFOPLIST_FILE = YES;
				INFOPLIST_FILE = SignupAndLogin/Info.plist;
				INFOPLIST_KEY_CFBundleDisplayName = SignupAndLogin;
				INFOPLIST_KEY_UIApplicationSupportsIndirectInputEvents = YES;
				INFOPLIST_KEY_UILaunchStoryboardName = LaunchScreen;
				INFOPLIST_KEY_UIMainStoryboardFile = Main;
				INFOPLIST_KEY_UISupportedInterfaceOrientations_iPad = "UIInterfaceOrientationPortrait UIInterfaceOrientationPortraitUpsideDown UIInterfaceOrientationLandscapeLeft UIInterfaceOrientationLandscapeRight";
				INFOPLIST_KEY_UISupportedInterfaceOrientations_iPhone = "UIInterfaceOrientationPortrait UIInterfaceOrientationLandscapeLeft UIInterfaceOrientationLandscapeRight";
				LD_RUNPATH_SEARCH_PATHS = (
					"$(inherited)",
					"@executable_path/Frameworks",
				);
				MARKETING_VERSION = 1.0;
				PRODUCT_BUNDLE_IDENTIFIER = nwmsu.SignupAndLogin;
				PRODUCT_NAME = "$(TARGET_NAME)";
				SWIFT_EMIT_LOC_STRINGS = YES;
				SWIFT_VERSION = 5.0;
				TARGETED_DEVICE_FAMILY = "1,2";
			};
			name = Release;
		};
/* End XCBuildConfiguration section */

/* Begin XCConfigurationList section */
		3FA45E4E27E42B7300CCADE8 /* Build configuration list for PBXProject "SignupAndLogin" */ = {
			isa = XCConfigurationList;
			buildConfigurations = (
				3FA45E6527E42B7800CCADE8 /* Debug */,
				3FA45E6627E42B7800CCADE8 /* Release */,
			);
			defaultConfigurationIsVisible = 0;
			defaultConfigurationName = Release;
		};
		3FA45E6727E42B7800CCADE8 /* Build configuration list for PBXNativeTarget "SignupAndLogin" */ = {
			isa = XCConfigurationList;
			buildConfigurations = (
				3FA45E6827E42B7800CCADE8 /* Debug */,
				3FA45E6927E42B7800CCADE8 /* Release */,
			);
			defaultConfigurationIsVisible = 0;
			defaultConfigurationName = Release;
		};
/* End XCConfigurationList section */
	};
	rootObject = 3FA45E4B27E42B7300CCADE8 /* Project object */;
}
